
Microsoft Visual Studio Solution File, Format Version 12.00
# Visual Studio 15
VisualStudioVersion = 15.0.27130.2036
MinimumVisualStudioVersion = 10.0.40219.1
Project("{2150E333-8FDC-42A3-9474-1A3956D46DE8}") = "_modules", "_modules", "{3EABEADC-FBAA-4CA1-977F-7A37D6C23547}"
EndProject
Project("{2150E333-8FDC-42A3-9474-1A3956D46DE8}") = "document", "document", "{68C6CF2A-A7F6-43EE-92E8-301E9AAD99BA}"
	ProjectSection(SolutionItems) = preProject
		数据导入与导出.txt = 数据导入与导出.txt
	EndProjectSection
EndProject
Project("{2150E333-8FDC-42A3-9474-1A3956D46DE8}") = "src", "src", "{AE014547-AA04-49CD-A080-AE6CC10601CC}"
EndProject
Project("{2150E333-8FDC-42A3-9474-1A3956D46DE8}") = "test", "test", "{2545C50F-69BB-45ED-BE25-6F3E49EBBBA1}"
	ProjectSection(SolutionItems) = preProject
		test\Thirdparty.Aliyun.Oss.Tests\Thirdparty.Aliyun.Oss.Tests.csproj = test\Thirdparty.Aliyun.Oss.Tests\Thirdparty.Aliyun.Oss.Tests.csproj
	EndProjectSection
EndProject
Project("{2150E333-8FDC-42A3-9474-1A3956D46DE8}") = "Applications", "Applications", "{BD667222-F294-4560-8F2E-DE9E5F3E5D2E}"
EndProject
Project("{2150E333-8FDC-42A3-9474-1A3956D46DE8}") = "Infrastructure", "Infrastructure", "{9A2F64BA-4B93-4907-8A24-0E6ED592EBB7}"
EndProject
Project("{2150E333-8FDC-42A3-9474-1A3956D46DE8}") = "Modules", "Modules", "{1722F88B-1FBF-4552-A0B9-9C11218E2805}"
EndProject
Project("{2150E333-8FDC-42A3-9474-1A3956D46DE8}") = "ThirdParty", "ThirdParty", "{974A8A7A-E471-40F2-9120-335B834CEC40}"
EndProject
Project("{9A19103F-16F7-4668-BE54-9A1E7A4F7556}") = "ASample.WebSite.Core", "src\Application\ASample.WebSite.Core\ASample.WebSite.Core.csproj", "{6377FE44-F089-4311-813D-DEB121E23EE5}"
EndProject
Project("{9A19103F-16F7-4668-BE54-9A1E7A4F7556}") = "ASample.Web.Core", "src\Modules\ASample.Web.Core\ASample.Web.Core.csproj", "{BB4A36F0-7481-4CAE-ACA6-FAB6FDFB6FC0}"
EndProject
Project("{FAE04EC0-301F-11D3-BF4B-00C04F79EFBC}") = "ASample.WebSite", "src\Application\ASample.WebSite\ASample.WebSite.csproj", "{31944806-894D-4B61-96A5-4ECDF5637D1C}"
EndProject
Project("{FAE04EC0-301F-11D3-BF4B-00C04F79EFBC}") = "ASample.Configuration", "src\Infrastructure\ASample.Configuration\ASample.Configuration.csproj", "{90D8BA01-9B78-4CDB-975E-ADAA09ADFD51}"
EndProject
Project("{9A19103F-16F7-4668-BE54-9A1E7A4F7556}") = "ASample.Configuration.Core", "src\Infrastructure\ASample.Configuration.Core\ASample.Configuration.Core.csproj", "{FA89389A-1B98-4E6B-888D-C725C1AA0033}"
EndProject
Project("{FAE04EC0-301F-11D3-BF4B-00C04F79EFBC}") = "ASample.Serialize", "src\Infrastructure\ASample.Serialize\ASample.Serialize.csproj", "{1051C7A4-3EC2-4723-ACFC-77BDDDDB7A53}"
EndProject
Project("{FAE04EC0-301F-11D3-BF4B-00C04F79EFBC}") = "ASample.EntityFramework", "src\Infrastructure\ASample.EntityFramework\ASample.EntityFramework.csproj", "{A4D60581-4E2E-4FDE-84D4-374B1BE84A8D}"
EndProject
Project("{FAE04EC0-301F-11D3-BF4B-00C04F79EFBC}") = "ASample.Main", "src\Modules\ASample.Main\ASample.Main.csproj", "{9C0F17B8-4951-4E61-B327-2AB0EA0A9BD7}"
EndProject
Project("{FAE04EC0-301F-11D3-BF4B-00C04F79EFBC}") = "ASmaple.Domain", "src\Infrastructure\ASmaple.Domain\ASmaple.Domain.csproj", "{C0008393-2149-420A-8BA1-304C07E14F8B}"
EndProject
Project("{FAE04EC0-301F-11D3-BF4B-00C04F79EFBC}") = "ASample.Identity", "src\Infrastructure\ASample.Identity\ASample.Identity.csproj", "{4D2662BF-3389-450D-991D-5B644512FFF3}"
EndProject
Project("{FAE04EC0-301F-11D3-BF4B-00C04F79EFBC}") = "ASample.ThirdParty.WeChat", "src\ThirdParty\ASample.ThirdParty.WeChat\ASample.ThirdParty.WeChat.csproj", "{4954CAE7-7196-4B1F-B0F1-CE69B8A4552D}"
EndProject
Project("{FAE04EC0-301F-11D3-BF4B-00C04F79EFBC}") = "ASample.DesignMode.Test", "test\ASample.DesignMode.Test\ASample.DesignMode.Test.csproj", "{FD8FA8F0-8519-4539-A2E4-0C9D3805AD4E}"
EndProject
Project("{FAE04EC0-301F-11D3-BF4B-00C04F79EFBC}") = "ASample.Thirdparty.Wechat.Test", "test\ASample.Thirdparty.Wechat\ASample.Thirdparty.Wechat.Test.csproj", "{380992FC-478D-42C7-B089-FFD90396A482}"
EndProject
Project("{FAE04EC0-301F-11D3-BF4B-00C04F79EFBC}") = "ASample.Configuration.Test", "test\ASample.Configuration.Test\ASample.Configuration.Test.csproj", "{959A3498-02A2-48D0-B4EC-FC41427E0D05}"
EndProject
Project("{FAE04EC0-301F-11D3-BF4B-00C04F79EFBC}") = "ASample.WebSite.Test", "test\ASample.WebSite.Test\ASample.WebSite.Test.csproj", "{95395A30-360D-43BE-B068-90FFBFA35378}"
EndProject
Project("{FAE04EC0-301F-11D3-BF4B-00C04F79EFBC}") = "ASample.Identity.Web.Test", "test\ASample.Identity.Web.Test\ASample.Identity.Web.Test.csproj", "{CF12C81F-AFE9-4E26-8802-EFEC5A9998CC}"
EndProject
Project("{FAE04EC0-301F-11D3-BF4B-00C04F79EFBC}") = "ASample.Web.Common", "src\Modules\ASample.Web.Common\ASample.Web.Common.csproj", "{A8467114-C087-4938-9B2B-FEA9CB1BB341}"
EndProject
Project("{FAE04EC0-301F-11D3-BF4B-00C04F79EFBC}") = "ASample.Unity", "src\Infrastructure\ASample.Unity\ASample.Unity.csproj", "{58D417B4-1AD0-4971-BC5B-3521FC1DAB1A}"
EndProject
Project("{FAE04EC0-301F-11D3-BF4B-00C04F79EFBC}") = "ASample.Web.Identity", "src\Infrastructure\ASample.Web.Identity\ASample.Web.Identity.csproj", "{1EFE1A08-9F02-45F7-B957-3945CB7D2476}"
EndProject
Project("{FAE04EC0-301F-11D3-BF4B-00C04F79EFBC}") = "ASample.Identity.EntityFramework", "src\Infrastructure\ASample.Identity.EntityFramework\ASample.Identity.EntityFramework.csproj", "{4F2BE362-0202-4F79-A401-50A5244D2947}"
EndProject
Project("{FAE04EC0-301F-11D3-BF4B-00C04F79EFBC}") = "ASample.ThirdParty.OAuth.QQ", "src\ThirdParty\ASample.ThirdParty.OAuth.QQ\ASample.ThirdParty.OAuth.QQ.csproj", "{4A00183C-0BC9-47E0-BA02-99C231DEC107}"
EndProject
Project("{FAE04EC0-301F-11D3-BF4B-00C04F79EFBC}") = "ASample.ThirdParty.RabbitMq", "src\ThirdParty\ASample.ThirdParty.RabbitMq\ASample.ThirdParty.RabbitMq.csproj", "{9AD650B6-5070-4DA0-B071-6E1F9C05F709}"
EndProject
Project("{FAE04EC0-301F-11D3-BF4B-00C04F79EFBC}") = "ASample.ThirdParty.RabbitMq.Test", "test\ASample.ThirdParty.RabbitMq.Test\ASample.ThirdParty.RabbitMq.Test.csproj", "{927C4E0C-F105-4984-A1AE-CF421F18B37C}"
EndProject
Project("{FAE04EC0-301F-11D3-BF4B-00C04F79EFBC}") = "ASample.DataExportToExcel.Test", "test\ASample.DataExportToExcel.Test\ASample.DataExportToExcel.Test.csproj", "{E87D5CAE-2122-4F73-8213-F12B762BD6AE}"
EndProject
Project("{FAE04EC0-301F-11D3-BF4B-00C04F79EFBC}") = "ASample.CommonLib.Test", "test\ASample.CommonLib.Test\ASample.CommonLib.Test.csproj", "{11F62816-58EB-4D9E-A284-CE0BA784741B}"
EndProject
Project("{FAE04EC0-301F-11D3-BF4B-00C04F79EFBC}") = "ASample.ThirdParty.OAuth.Google", "src\ThirdParty\ASample.ThirdParty.OAuth.Google\ASample.ThirdParty.OAuth.Google.csproj", "{8E2177F3-EC08-4E5C-9EDF-578E546F5501}"
EndProject
Project("{FAE04EC0-301F-11D3-BF4B-00C04F79EFBC}") = "ASample.ThirdParty.OAuth.Weibo", "src\ThirdParty\ASample.ThirdParty.OAuth.Weibo\ASample.ThirdParty.OAuth.Weibo.csproj", "{E4FE747D-FA90-4CA0-A2EB-C79048C4FC21}"
EndProject
Project("{FAE04EC0-301F-11D3-BF4B-00C04F79EFBC}") = "ASample.Identity.Sample", "src\Application\ASample.Identity.Sample\ASample.Identity.Sample.csproj", "{1DE59843-25B5-4CE3-B715-EEEEB850C197}"
EndProject
Project("{FAE04EC0-301F-11D3-BF4B-00C04F79EFBC}") = "ASample.SendEmail", "src\Infrastructure\ASample.SendEmail\ASample.SendEmail.csproj", "{931B6B0F-072F-49FD-8EE9-1A88D0CDECA5}"
EndProject
Project("{FAE04EC0-301F-11D3-BF4B-00C04F79EFBC}") = "ASample.SendEmail.Test", "test\ASample.SendEmail.Test\ASample.SendEmail.Test.csproj", "{C719BDDA-800A-4692-8C84-2ADAED6AA64B}"
EndProject
Project("{FAE04EC0-301F-11D3-BF4B-00C04F79EFBC}") = "Thirdparty.Tencent.SMS", "src\ThirdParty\Thirdparty.Tencent.SMS\Thirdparty.Tencent.SMS.csproj", "{4B0A0AA6-E4F6-4189-91BB-5DE67F53AF4D}"
EndProject
Project("{FAE04EC0-301F-11D3-BF4B-00C04F79EFBC}") = "ASample.Thirdpary.Tencent.Identity", "src\ThirdParty\ASample.ThirdParty.Tencent.Service\ASample.Thirdpary.Tencent.Identity.csproj", "{09779E93-60C5-4DD8-A186-E65216B911D7}"
EndProject
Project("{FAE04EC0-301F-11D3-BF4B-00C04F79EFBC}") = "ASample.Npoi", "src\Infrastructure\ASample.Npoi\ASample.Npoi.csproj", "{A97EB8DE-E2B5-47D6-A0E7-44EBB8447297}"
EndProject
Project("{FAE04EC0-301F-11D3-BF4B-00C04F79EFBC}") = "ASample.ExtensionMethod", "src\Infrastructure\ASample.ExtensionMethod\ASample.ExtensionMethod.csproj", "{33947405-4638-4A95-B86B-7CB260511785}"
EndProject
Project("{FAE04EC0-301F-11D3-BF4B-00C04F79EFBC}") = "ASample.Npoi.Test", "test\ASample.Npoi.Test\ASample.Npoi.Test.csproj", "{49817109-B80D-41AF-A973-FF370060031B}"
EndProject
Project("{FAE04EC0-301F-11D3-BF4B-00C04F79EFBC}") = "ASample.ThreadDemo.Test", "test\ASample.Thread.Test\ASample.ThreadDemo.Test.csproj", "{241CEEC3-F03B-4E6A-8137-9060C2E9D195}"
EndProject
Project("{FAE04EC0-301F-11D3-BF4B-00C04F79EFBC}") = "Thirdparty.Aliyun.Oss", "src\ThirdParty\Thirdparty.Aliyun.Oss\Thirdparty.Aliyun.Oss.csproj", "{A2271650-2096-469D-937E-513746DA0801}"
EndProject
Project("{FAE04EC0-301F-11D3-BF4B-00C04F79EFBC}") = "Thirdparty.Tencent.SMS.Test", "test\Thirdparty.Tencent.SMS.Test\Thirdparty.Tencent.SMS.Test.csproj", "{0130A94D-BFAB-436E-B3A9-5C4AFE7AD9D2}"
EndProject
Project("{FAE04EC0-301F-11D3-BF4B-00C04F79EFBC}") = "WebApplication1", "src\Application\WebApplication1\WebApplication1.csproj", "{0BA51D07-8730-46F6-8566-E7B6757CCDFE}"
EndProject
Project("{9A19103F-16F7-4668-BE54-9A1E7A4F7556}") = "UEditor.Core", "src\ThirdParty\UEditor.Core\UEditor.Core.csproj", "{A31A9797-7182-4024-BA48-580546257550}"
EndProject
Project("{FAE04EC0-301F-11D3-BF4B-00C04F79EFBC}") = "ASample.ThirdParty.UEditor", "src\ThirdParty\ASample.ThirdParty.UEditor\ASample.ThirdParty.UEditor.csproj", "{3AB18FCB-83B2-409C-A65B-B161CC4A6ECF}"
EndProject
Project("{9A19103F-16F7-4668-BE54-9A1E7A4F7556}") = "ASample.ThirdParty.UEditor.NetCore", "src\ThirdParty\ASample.ThirdParty.UEditor.NetCore\ASample.ThirdParty.UEditor.NetCore.csproj", "{B1173B7C-D9EA-4152-A8E1-06C3AED307BE}"
EndProject
Project("{FAE04EC0-301F-11D3-BF4B-00C04F79EFBC}") = "ASample.ThirdParty.IBMWebsphereMQ", "src\ThirdParty\ASample.ThirdParty.IBMWebsphereMQ\ASample.ThirdParty.IBMWebsphereMQ.csproj", "{E59E4251-3675-44F4-B202-D50E969C6C13}"
EndProject
Project("{FAE04EC0-301F-11D3-BF4B-00C04F79EFBC}") = "ASample.WebSite45", "src\Application\ASample.WebSite45\ASample.WebSite45.csproj", "{3ECC6E07-5BF6-4DF0-AD21-2F327D1CE4FE}"
EndProject
Project("{FAE04EC0-301F-11D3-BF4B-00C04F79EFBC}") = "ASample.ThirdParty.IBMWebsphereMq.Test", "test\ASample.ThirdParty.IBMWebsphereMq.Test\ASample.ThirdParty.IBMWebsphereMq.Test.csproj", "{D1704D5D-396D-42E8-8959-204EC6A183F8}"
EndProject
Global
	GlobalSection(SolutionConfigurationPlatforms) = preSolution
		Debug|Any CPU = Debug|Any CPU
		Release|Any CPU = Release|Any CPU
	EndGlobalSection
	GlobalSection(ProjectConfigurationPlatforms) = postSolution
		{6377FE44-F089-4311-813D-DEB121E23EE5}.Debug|Any CPU.ActiveCfg = Debug|Any CPU
		{6377FE44-F089-4311-813D-DEB121E23EE5}.Debug|Any CPU.Build.0 = Debug|Any CPU
		{6377FE44-F089-4311-813D-DEB121E23EE5}.Release|Any CPU.ActiveCfg = Release|Any CPU
		{6377FE44-F089-4311-813D-DEB121E23EE5}.Release|Any CPU.Build.0 = Release|Any CPU
		{BB4A36F0-7481-4CAE-ACA6-FAB6FDFB6FC0}.Debug|Any CPU.ActiveCfg = Debug|Any CPU
		{BB4A36F0-7481-4CAE-ACA6-FAB6FDFB6FC0}.Debug|Any CPU.Build.0 = Debug|Any CPU
		{BB4A36F0-7481-4CAE-ACA6-FAB6FDFB6FC0}.Release|Any CPU.ActiveCfg = Release|Any CPU
		{BB4A36F0-7481-4CAE-ACA6-FAB6FDFB6FC0}.Release|Any CPU.Build.0 = Release|Any CPU
		{31944806-894D-4B61-96A5-4ECDF5637D1C}.Debug|Any CPU.ActiveCfg = Debug|Any CPU
		{31944806-894D-4B61-96A5-4ECDF5637D1C}.Debug|Any CPU.Build.0 = Debug|Any CPU
		{31944806-894D-4B61-96A5-4ECDF5637D1C}.Release|Any CPU.ActiveCfg = Release|Any CPU
		{31944806-894D-4B61-96A5-4ECDF5637D1C}.Release|Any CPU.Build.0 = Release|Any CPU
		{90D8BA01-9B78-4CDB-975E-ADAA09ADFD51}.Debug|Any CPU.ActiveCfg = Debug|Any CPU
		{90D8BA01-9B78-4CDB-975E-ADAA09ADFD51}.Debug|Any CPU.Build.0 = Debug|Any CPU
		{90D8BA01-9B78-4CDB-975E-ADAA09ADFD51}.Release|Any CPU.ActiveCfg = Release|Any CPU
		{90D8BA01-9B78-4CDB-975E-ADAA09ADFD51}.Release|Any CPU.Build.0 = Release|Any CPU
		{FA89389A-1B98-4E6B-888D-C725C1AA0033}.Debug|Any CPU.ActiveCfg = Debug|Any CPU
		{FA89389A-1B98-4E6B-888D-C725C1AA0033}.Debug|Any CPU.Build.0 = Debug|Any CPU
		{FA89389A-1B98-4E6B-888D-C725C1AA0033}.Release|Any CPU.ActiveCfg = Release|Any CPU
		{FA89389A-1B98-4E6B-888D-C725C1AA0033}.Release|Any CPU.Build.0 = Release|Any CPU
		{1051C7A4-3EC2-4723-ACFC-77BDDDDB7A53}.Debug|Any CPU.ActiveCfg = Debug|Any CPU
		{1051C7A4-3EC2-4723-ACFC-77BDDDDB7A53}.Debug|Any CPU.Build.0 = Debug|Any CPU
		{1051C7A4-3EC2-4723-ACFC-77BDDDDB7A53}.Release|Any CPU.ActiveCfg = Release|Any CPU
		{1051C7A4-3EC2-4723-ACFC-77BDDDDB7A53}.Release|Any CPU.Build.0 = Release|Any CPU
		{A4D60581-4E2E-4FDE-84D4-374B1BE84A8D}.Debug|Any CPU.ActiveCfg = Debug|Any CPU
		{A4D60581-4E2E-4FDE-84D4-374B1BE84A8D}.Debug|Any CPU.Build.0 = Debug|Any CPU
		{A4D60581-4E2E-4FDE-84D4-374B1BE84A8D}.Release|Any CPU.ActiveCfg = Release|Any CPU
		{A4D60581-4E2E-4FDE-84D4-374B1BE84A8D}.Release|Any CPU.Build.0 = Release|Any CPU
		{9C0F17B8-4951-4E61-B327-2AB0EA0A9BD7}.Debug|Any CPU.ActiveCfg = Debug|Any CPU
		{9C0F17B8-4951-4E61-B327-2AB0EA0A9BD7}.Debug|Any CPU.Build.0 = Debug|Any CPU
		{9C0F17B8-4951-4E61-B327-2AB0EA0A9BD7}.Release|Any CPU.ActiveCfg = Release|Any CPU
		{9C0F17B8-4951-4E61-B327-2AB0EA0A9BD7}.Release|Any CPU.Build.0 = Release|Any CPU
		{C0008393-2149-420A-8BA1-304C07E14F8B}.Debug|Any CPU.ActiveCfg = Debug|Any CPU
		{C0008393-2149-420A-8BA1-304C07E14F8B}.Debug|Any CPU.Build.0 = Debug|Any CPU
		{C0008393-2149-420A-8BA1-304C07E14F8B}.Release|Any CPU.ActiveCfg = Release|Any CPU
		{C0008393-2149-420A-8BA1-304C07E14F8B}.Release|Any CPU.Build.0 = Release|Any CPU
		{4D2662BF-3389-450D-991D-5B644512FFF3}.Debug|Any CPU.ActiveCfg = Debug|Any CPU
		{4D2662BF-3389-450D-991D-5B644512FFF3}.Debug|Any CPU.Build.0 = Debug|Any CPU
		{4D2662BF-3389-450D-991D-5B644512FFF3}.Release|Any CPU.ActiveCfg = Release|Any CPU
		{4D2662BF-3389-450D-991D-5B644512FFF3}.Release|Any CPU.Build.0 = Release|Any CPU
		{4954CAE7-7196-4B1F-B0F1-CE69B8A4552D}.Debug|Any CPU.ActiveCfg = Debug|Any CPU
		{4954CAE7-7196-4B1F-B0F1-CE69B8A4552D}.Debug|Any CPU.Build.0 = Debug|Any CPU
		{4954CAE7-7196-4B1F-B0F1-CE69B8A4552D}.Release|Any CPU.ActiveCfg = Release|Any CPU
		{4954CAE7-7196-4B1F-B0F1-CE69B8A4552D}.Release|Any CPU.Build.0 = Release|Any CPU
		{FD8FA8F0-8519-4539-A2E4-0C9D3805AD4E}.Debug|Any CPU.ActiveCfg = Debug|Any CPU
		{FD8FA8F0-8519-4539-A2E4-0C9D3805AD4E}.Debug|Any CPU.Build.0 = Debug|Any CPU
		{FD8FA8F0-8519-4539-A2E4-0C9D3805AD4E}.Release|Any CPU.ActiveCfg = Release|Any CPU
		{FD8FA8F0-8519-4539-A2E4-0C9D3805AD4E}.Release|Any CPU.Build.0 = Release|Any CPU
		{380992FC-478D-42C7-B089-FFD90396A482}.Debug|Any CPU.ActiveCfg = Debug|Any CPU
		{380992FC-478D-42C7-B089-FFD90396A482}.Debug|Any CPU.Build.0 = Debug|Any CPU
		{380992FC-478D-42C7-B089-FFD90396A482}.Release|Any CPU.ActiveCfg = Release|Any CPU
		{380992FC-478D-42C7-B089-FFD90396A482}.Release|Any CPU.Build.0 = Release|Any CPU
		{959A3498-02A2-48D0-B4EC-FC41427E0D05}.Debug|Any CPU.ActiveCfg = Debug|Any CPU
		{959A3498-02A2-48D0-B4EC-FC41427E0D05}.Debug|Any CPU.Build.0 = Debug|Any CPU
		{959A3498-02A2-48D0-B4EC-FC41427E0D05}.Release|Any CPU.ActiveCfg = Release|Any CPU
		{959A3498-02A2-48D0-B4EC-FC41427E0D05}.Release|Any CPU.Build.0 = Release|Any CPU
		{95395A30-360D-43BE-B068-90FFBFA35378}.Debug|Any CPU.ActiveCfg = Debug|Any CPU
		{95395A30-360D-43BE-B068-90FFBFA35378}.Debug|Any CPU.Build.0 = Debug|Any CPU
		{95395A30-360D-43BE-B068-90FFBFA35378}.Release|Any CPU.ActiveCfg = Release|Any CPU
		{95395A30-360D-43BE-B068-90FFBFA35378}.Release|Any CPU.Build.0 = Release|Any CPU
		{CF12C81F-AFE9-4E26-8802-EFEC5A9998CC}.Debug|Any CPU.ActiveCfg = Debug|Any CPU
		{CF12C81F-AFE9-4E26-8802-EFEC5A9998CC}.Debug|Any CPU.Build.0 = Debug|Any CPU
		{CF12C81F-AFE9-4E26-8802-EFEC5A9998CC}.Release|Any CPU.ActiveCfg = Release|Any CPU
		{CF12C81F-AFE9-4E26-8802-EFEC5A9998CC}.Release|Any CPU.Build.0 = Release|Any CPU
		{A8467114-C087-4938-9B2B-FEA9CB1BB341}.Debug|Any CPU.ActiveCfg = Debug|Any CPU
		{A8467114-C087-4938-9B2B-FEA9CB1BB341}.Debug|Any CPU.Build.0 = Debug|Any CPU
		{A8467114-C087-4938-9B2B-FEA9CB1BB341}.Release|Any CPU.ActiveCfg = Release|Any CPU
		{A8467114-C087-4938-9B2B-FEA9CB1BB341}.Release|Any CPU.Build.0 = Release|Any CPU
		{58D417B4-1AD0-4971-BC5B-3521FC1DAB1A}.Debug|Any CPU.ActiveCfg = Debug|Any CPU
		{58D417B4-1AD0-4971-BC5B-3521FC1DAB1A}.Debug|Any CPU.Build.0 = Debug|Any CPU
		{58D417B4-1AD0-4971-BC5B-3521FC1DAB1A}.Release|Any CPU.ActiveCfg = Release|Any CPU
		{58D417B4-1AD0-4971-BC5B-3521FC1DAB1A}.Release|Any CPU.Build.0 = Release|Any CPU
		{1EFE1A08-9F02-45F7-B957-3945CB7D2476}.Debug|Any CPU.ActiveCfg = Debug|Any CPU
		{1EFE1A08-9F02-45F7-B957-3945CB7D2476}.Debug|Any CPU.Build.0 = Debug|Any CPU
		{1EFE1A08-9F02-45F7-B957-3945CB7D2476}.Release|Any CPU.ActiveCfg = Release|Any CPU
		{1EFE1A08-9F02-45F7-B957-3945CB7D2476}.Release|Any CPU.Build.0 = Release|Any CPU
		{4F2BE362-0202-4F79-A401-50A5244D2947}.Debug|Any CPU.ActiveCfg = Debug|Any CPU
		{4F2BE362-0202-4F79-A401-50A5244D2947}.Debug|Any CPU.Build.0 = Debug|Any CPU
		{4F2BE362-0202-4F79-A401-50A5244D2947}.Release|Any CPU.ActiveCfg = Release|Any CPU
		{4F2BE362-0202-4F79-A401-50A5244D2947}.Release|Any CPU.Build.0 = Release|Any CPU
		{4A00183C-0BC9-47E0-BA02-99C231DEC107}.Debug|Any CPU.ActiveCfg = Debug|Any CPU
		{4A00183C-0BC9-47E0-BA02-99C231DEC107}.Debug|Any CPU.Build.0 = Debug|Any CPU
		{4A00183C-0BC9-47E0-BA02-99C231DEC107}.Release|Any CPU.ActiveCfg = Release|Any CPU
		{4A00183C-0BC9-47E0-BA02-99C231DEC107}.Release|Any CPU.Build.0 = Release|Any CPU
		{9AD650B6-5070-4DA0-B071-6E1F9C05F709}.Debug|Any CPU.ActiveCfg = Debug|Any CPU
		{9AD650B6-5070-4DA0-B071-6E1F9C05F709}.Debug|Any CPU.Build.0 = Debug|Any CPU
		{9AD650B6-5070-4DA0-B071-6E1F9C05F709}.Release|Any CPU.ActiveCfg = Release|Any CPU
		{9AD650B6-5070-4DA0-B071-6E1F9C05F709}.Release|Any CPU.Build.0 = Release|Any CPU
		{927C4E0C-F105-4984-A1AE-CF421F18B37C}.Debug|Any CPU.ActiveCfg = Debug|Any CPU
		{927C4E0C-F105-4984-A1AE-CF421F18B37C}.Debug|Any CPU.Build.0 = Debug|Any CPU
		{927C4E0C-F105-4984-A1AE-CF421F18B37C}.Release|Any CPU.ActiveCfg = Release|Any CPU
		{927C4E0C-F105-4984-A1AE-CF421F18B37C}.Release|Any CPU.Build.0 = Release|Any CPU
		{E87D5CAE-2122-4F73-8213-F12B762BD6AE}.Debug|Any CPU.ActiveCfg = Debug|Any CPU
		{E87D5CAE-2122-4F73-8213-F12B762BD6AE}.Debug|Any CPU.Build.0 = Debug|Any CPU
		{E87D5CAE-2122-4F73-8213-F12B762BD6AE}.Release|Any CPU.ActiveCfg = Release|Any CPU
		{E87D5CAE-2122-4F73-8213-F12B762BD6AE}.Release|Any CPU.Build.0 = Release|Any CPU
		{11F62816-58EB-4D9E-A284-CE0BA784741B}.Debug|Any CPU.ActiveCfg = Debug|Any CPU
		{11F62816-58EB-4D9E-A284-CE0BA784741B}.Debug|Any CPU.Build.0 = Debug|Any CPU
		{11F62816-58EB-4D9E-A284-CE0BA784741B}.Release|Any CPU.ActiveCfg = Release|Any CPU
		{11F62816-58EB-4D9E-A284-CE0BA784741B}.Release|Any CPU.Build.0 = Release|Any CPU
		{8E2177F3-EC08-4E5C-9EDF-578E546F5501}.Debug|Any CPU.ActiveCfg = Debug|Any CPU
		{8E2177F3-EC08-4E5C-9EDF-578E546F5501}.Debug|Any CPU.Build.0 = Debug|Any CPU
		{8E2177F3-EC08-4E5C-9EDF-578E546F5501}.Release|Any CPU.ActiveCfg = Release|Any CPU
		{8E2177F3-EC08-4E5C-9EDF-578E546F5501}.Release|Any CPU.Build.0 = Release|Any CPU
		{E4FE747D-FA90-4CA0-A2EB-C79048C4FC21}.Debug|Any CPU.ActiveCfg = Debug|Any CPU
		{E4FE747D-FA90-4CA0-A2EB-C79048C4FC21}.Debug|Any CPU.Build.0 = Debug|Any CPU
		{E4FE747D-FA90-4CA0-A2EB-C79048C4FC21}.Release|Any CPU.ActiveCfg = Release|Any CPU
		{E4FE747D-FA90-4CA0-A2EB-C79048C4FC21}.Release|Any CPU.Build.0 = Release|Any CPU
		{1DE59843-25B5-4CE3-B715-EEEEB850C197}.Debug|Any CPU.ActiveCfg = Debug|Any CPU
		{1DE59843-25B5-4CE3-B715-EEEEB850C197}.Debug|Any CPU.Build.0 = Debug|Any CPU
		{1DE59843-25B5-4CE3-B715-EEEEB850C197}.Release|Any CPU.ActiveCfg = Release|Any CPU
		{1DE59843-25B5-4CE3-B715-EEEEB850C197}.Release|Any CPU.Build.0 = Release|Any CPU
		{931B6B0F-072F-49FD-8EE9-1A88D0CDECA5}.Debug|Any CPU.ActiveCfg = Debug|Any CPU
		{931B6B0F-072F-49FD-8EE9-1A88D0CDECA5}.Debug|Any CPU.Build.0 = Debug|Any CPU
		{931B6B0F-072F-49FD-8EE9-1A88D0CDECA5}.Release|Any CPU.ActiveCfg = Release|Any CPU
		{931B6B0F-072F-49FD-8EE9-1A88D0CDECA5}.Release|Any CPU.Build.0 = Release|Any CPU
		{C719BDDA-800A-4692-8C84-2ADAED6AA64B}.Debug|Any CPU.ActiveCfg = Debug|Any CPU
		{C719BDDA-800A-4692-8C84-2ADAED6AA64B}.Debug|Any CPU.Build.0 = Debug|Any CPU
		{C719BDDA-800A-4692-8C84-2ADAED6AA64B}.Release|Any CPU.ActiveCfg = Release|Any CPU
		{C719BDDA-800A-4692-8C84-2ADAED6AA64B}.Release|Any CPU.Build.0 = Release|Any CPU
		{4B0A0AA6-E4F6-4189-91BB-5DE67F53AF4D}.Debug|Any CPU.ActiveCfg = Debug|Any CPU
		{4B0A0AA6-E4F6-4189-91BB-5DE67F53AF4D}.Debug|Any CPU.Build.0 = Debug|Any CPU
		{4B0A0AA6-E4F6-4189-91BB-5DE67F53AF4D}.Release|Any CPU.ActiveCfg = Release|Any CPU
		{4B0A0AA6-E4F6-4189-91BB-5DE67F53AF4D}.Release|Any CPU.Build.0 = Release|Any CPU
		{09779E93-60C5-4DD8-A186-E65216B911D7}.Debug|Any CPU.ActiveCfg = Debug|Any CPU
		{09779E93-60C5-4DD8-A186-E65216B911D7}.Debug|Any CPU.Build.0 = Debug|Any CPU
		{09779E93-60C5-4DD8-A186-E65216B911D7}.Release|Any CPU.ActiveCfg = Release|Any CPU
		{09779E93-60C5-4DD8-A186-E65216B911D7}.Release|Any CPU.Build.0 = Release|Any CPU
		{A97EB8DE-E2B5-47D6-A0E7-44EBB8447297}.Debug|Any CPU.ActiveCfg = Debug|Any CPU
		{A97EB8DE-E2B5-47D6-A0E7-44EBB8447297}.Debug|Any CPU.Build.0 = Debug|Any CPU
		{A97EB8DE-E2B5-47D6-A0E7-44EBB8447297}.Release|Any CPU.ActiveCfg = Release|Any CPU
		{A97EB8DE-E2B5-47D6-A0E7-44EBB8447297}.Release|Any CPU.Build.0 = Release|Any CPU
		{33947405-4638-4A95-B86B-7CB260511785}.Debug|Any CPU.ActiveCfg = Debug|Any CPU
		{33947405-4638-4A95-B86B-7CB260511785}.Debug|Any CPU.Build.0 = Debug|Any CPU
		{33947405-4638-4A95-B86B-7CB260511785}.Release|Any CPU.ActiveCfg = Release|Any CPU
		{33947405-4638-4A95-B86B-7CB260511785}.Release|Any CPU.Build.0 = Release|Any CPU
		{49817109-B80D-41AF-A973-FF370060031B}.Debug|Any CPU.ActiveCfg = Debug|Any CPU
		{49817109-B80D-41AF-A973-FF370060031B}.Debug|Any CPU.Build.0 = Debug|Any CPU
		{49817109-B80D-41AF-A973-FF370060031B}.Release|Any CPU.ActiveCfg = Release|Any CPU
		{49817109-B80D-41AF-A973-FF370060031B}.Release|Any CPU.Build.0 = Release|Any CPU
		{241CEEC3-F03B-4E6A-8137-9060C2E9D195}.Debug|Any CPU.ActiveCfg = Debug|Any CPU
		{241CEEC3-F03B-4E6A-8137-9060C2E9D195}.Debug|Any CPU.Build.0 = Debug|Any CPU
		{241CEEC3-F03B-4E6A-8137-9060C2E9D195}.Release|Any CPU.ActiveCfg = Release|Any CPU
		{241CEEC3-F03B-4E6A-8137-9060C2E9D195}.Release|Any CPU.Build.0 = Release|Any CPU
		{A2271650-2096-469D-937E-513746DA0801}.Debug|Any CPU.ActiveCfg = Debug|Any CPU
		{A2271650-2096-469D-937E-513746DA0801}.Debug|Any CPU.Build.0 = Debug|Any CPU
		{A2271650-2096-469D-937E-513746DA0801}.Release|Any CPU.ActiveCfg = Release|Any CPU
		{A2271650-2096-469D-937E-513746DA0801}.Release|Any CPU.Build.0 = Release|Any CPU
		{0130A94D-BFAB-436E-B3A9-5C4AFE7AD9D2}.Debug|Any CPU.ActiveCfg = Debug|Any CPU
		{0130A94D-BFAB-436E-B3A9-5C4AFE7AD9D2}.Debug|Any CPU.Build.0 = Debug|Any CPU
		{0130A94D-BFAB-436E-B3A9-5C4AFE7AD9D2}.Release|Any CPU.ActiveCfg = Release|Any CPU
		{0130A94D-BFAB-436E-B3A9-5C4AFE7AD9D2}.Release|Any CPU.Build.0 = Release|Any CPU
		{0BA51D07-8730-46F6-8566-E7B6757CCDFE}.Debug|Any CPU.ActiveCfg = Debug|Any CPU
		{0BA51D07-8730-46F6-8566-E7B6757CCDFE}.Debug|Any CPU.Build.0 = Debug|Any CPU
		{0BA51D07-8730-46F6-8566-E7B6757CCDFE}.Release|Any CPU.ActiveCfg = Release|Any CPU
		{0BA51D07-8730-46F6-8566-E7B6757CCDFE}.Release|Any CPU.Build.0 = Release|Any CPU
		{A31A9797-7182-4024-BA48-580546257550}.Debug|Any CPU.ActiveCfg = Debug|Any CPU
		{A31A9797-7182-4024-BA48-580546257550}.Debug|Any CPU.Build.0 = Debug|Any CPU
		{A31A9797-7182-4024-BA48-580546257550}.Release|Any CPU.ActiveCfg = Release|Any CPU
		{A31A9797-7182-4024-BA48-580546257550}.Release|Any CPU.Build.0 = Release|Any CPU
		{3AB18FCB-83B2-409C-A65B-B161CC4A6ECF}.Debug|Any CPU.ActiveCfg = Debug|Any CPU
		{3AB18FCB-83B2-409C-A65B-B161CC4A6ECF}.Debug|Any CPU.Build.0 = Debug|Any CPU
		{3AB18FCB-83B2-409C-A65B-B161CC4A6ECF}.Release|Any CPU.ActiveCfg = Release|Any CPU
		{3AB18FCB-83B2-409C-A65B-B161CC4A6ECF}.Release|Any CPU.Build.0 = Release|Any CPU
		{B1173B7C-D9EA-4152-A8E1-06C3AED307BE}.Debug|Any CPU.ActiveCfg = Debug|Any CPU
		{B1173B7C-D9EA-4152-A8E1-06C3AED307BE}.Debug|Any CPU.Build.0 = Debug|Any CPU
		{B1173B7C-D9EA-4152-A8E1-06C3AED307BE}.Release|Any CPU.ActiveCfg = Release|Any CPU
		{B1173B7C-D9EA-4152-A8E1-06C3AED307BE}.Release|Any CPU.Build.0 = Release|Any CPU
		{E59E4251-3675-44F4-B202-D50E969C6C13}.Debug|Any CPU.ActiveCfg = Debug|Any CPU
		{E59E4251-3675-44F4-B202-D50E969C6C13}.Debug|Any CPU.Build.0 = Debug|Any CPU
		{E59E4251-3675-44F4-B202-D50E969C6C13}.Release|Any CPU.ActiveCfg = Release|Any CPU
		{E59E4251-3675-44F4-B202-D50E969C6C13}.Release|Any CPU.Build.0 = Release|Any CPU
		{3ECC6E07-5BF6-4DF0-AD21-2F327D1CE4FE}.Debug|Any CPU.ActiveCfg = Debug|Any CPU
		{3ECC6E07-5BF6-4DF0-AD21-2F327D1CE4FE}.Debug|Any CPU.Build.0 = Debug|Any CPU
		{3ECC6E07-5BF6-4DF0-AD21-2F327D1CE4FE}.Release|Any CPU.ActiveCfg = Release|Any CPU
		{3ECC6E07-5BF6-4DF0-AD21-2F327D1CE4FE}.Release|Any CPU.Build.0 = Release|Any CPU
		{D1704D5D-396D-42E8-8959-204EC6A183F8}.Debug|Any CPU.ActiveCfg = Debug|Any CPU
		{D1704D5D-396D-42E8-8959-204EC6A183F8}.Debug|Any CPU.Build.0 = Debug|Any CPU
		{D1704D5D-396D-42E8-8959-204EC6A183F8}.Release|Any CPU.ActiveCfg = Release|Any CPU
		{D1704D5D-396D-42E8-8959-204EC6A183F8}.Release|Any CPU.Build.0 = Release|Any CPU
	EndGlobalSection
	GlobalSection(SolutionProperties) = preSolution
		HideSolutionNode = FALSE
	EndGlobalSection
	GlobalSection(NestedProjects) = preSolution
		{BD667222-F294-4560-8F2E-DE9E5F3E5D2E} = {AE014547-AA04-49CD-A080-AE6CC10601CC}
		{9A2F64BA-4B93-4907-8A24-0E6ED592EBB7} = {AE014547-AA04-49CD-A080-AE6CC10601CC}
		{1722F88B-1FBF-4552-A0B9-9C11218E2805} = {AE014547-AA04-49CD-A080-AE6CC10601CC}
		{974A8A7A-E471-40F2-9120-335B834CEC40} = {AE014547-AA04-49CD-A080-AE6CC10601CC}
		{6377FE44-F089-4311-813D-DEB121E23EE5} = {BD667222-F294-4560-8F2E-DE9E5F3E5D2E}
		{BB4A36F0-7481-4CAE-ACA6-FAB6FDFB6FC0} = {1722F88B-1FBF-4552-A0B9-9C11218E2805}
		{31944806-894D-4B61-96A5-4ECDF5637D1C} = {BD667222-F294-4560-8F2E-DE9E5F3E5D2E}
		{90D8BA01-9B78-4CDB-975E-ADAA09ADFD51} = {9A2F64BA-4B93-4907-8A24-0E6ED592EBB7}
		{FA89389A-1B98-4E6B-888D-C725C1AA0033} = {9A2F64BA-4B93-4907-8A24-0E6ED592EBB7}
		{1051C7A4-3EC2-4723-ACFC-77BDDDDB7A53} = {9A2F64BA-4B93-4907-8A24-0E6ED592EBB7}
		{A4D60581-4E2E-4FDE-84D4-374B1BE84A8D} = {9A2F64BA-4B93-4907-8A24-0E6ED592EBB7}
		{9C0F17B8-4951-4E61-B327-2AB0EA0A9BD7} = {1722F88B-1FBF-4552-A0B9-9C11218E2805}
		{C0008393-2149-420A-8BA1-304C07E14F8B} = {9A2F64BA-4B93-4907-8A24-0E6ED592EBB7}
		{4D2662BF-3389-450D-991D-5B644512FFF3} = {9A2F64BA-4B93-4907-8A24-0E6ED592EBB7}
		{4954CAE7-7196-4B1F-B0F1-CE69B8A4552D} = {974A8A7A-E471-40F2-9120-335B834CEC40}
		{FD8FA8F0-8519-4539-A2E4-0C9D3805AD4E} = {2545C50F-69BB-45ED-BE25-6F3E49EBBBA1}
		{380992FC-478D-42C7-B089-FFD90396A482} = {2545C50F-69BB-45ED-BE25-6F3E49EBBBA1}
		{959A3498-02A2-48D0-B4EC-FC41427E0D05} = {2545C50F-69BB-45ED-BE25-6F3E49EBBBA1}
		{95395A30-360D-43BE-B068-90FFBFA35378} = {2545C50F-69BB-45ED-BE25-6F3E49EBBBA1}
		{CF12C81F-AFE9-4E26-8802-EFEC5A9998CC} = {2545C50F-69BB-45ED-BE25-6F3E49EBBBA1}
		{A8467114-C087-4938-9B2B-FEA9CB1BB341} = {1722F88B-1FBF-4552-A0B9-9C11218E2805}
		{58D417B4-1AD0-4971-BC5B-3521FC1DAB1A} = {9A2F64BA-4B93-4907-8A24-0E6ED592EBB7}
		{1EFE1A08-9F02-45F7-B957-3945CB7D2476} = {9A2F64BA-4B93-4907-8A24-0E6ED592EBB7}
		{4F2BE362-0202-4F79-A401-50A5244D2947} = {9A2F64BA-4B93-4907-8A24-0E6ED592EBB7}
		{4A00183C-0BC9-47E0-BA02-99C231DEC107} = {974A8A7A-E471-40F2-9120-335B834CEC40}
		{9AD650B6-5070-4DA0-B071-6E1F9C05F709} = {974A8A7A-E471-40F2-9120-335B834CEC40}
		{927C4E0C-F105-4984-A1AE-CF421F18B37C} = {2545C50F-69BB-45ED-BE25-6F3E49EBBBA1}
		{E87D5CAE-2122-4F73-8213-F12B762BD6AE} = {2545C50F-69BB-45ED-BE25-6F3E49EBBBA1}
		{11F62816-58EB-4D9E-A284-CE0BA784741B} = {2545C50F-69BB-45ED-BE25-6F3E49EBBBA1}
		{8E2177F3-EC08-4E5C-9EDF-578E546F5501} = {974A8A7A-E471-40F2-9120-335B834CEC40}
		{E4FE747D-FA90-4CA0-A2EB-C79048C4FC21} = {974A8A7A-E471-40F2-9120-335B834CEC40}
		{1DE59843-25B5-4CE3-B715-EEEEB850C197} = {BD667222-F294-4560-8F2E-DE9E5F3E5D2E}
		{931B6B0F-072F-49FD-8EE9-1A88D0CDECA5} = {9A2F64BA-4B93-4907-8A24-0E6ED592EBB7}
		{C719BDDA-800A-4692-8C84-2ADAED6AA64B} = {2545C50F-69BB-45ED-BE25-6F3E49EBBBA1}
		{4B0A0AA6-E4F6-4189-91BB-5DE67F53AF4D} = {974A8A7A-E471-40F2-9120-335B834CEC40}
		{09779E93-60C5-4DD8-A186-E65216B911D7} = {974A8A7A-E471-40F2-9120-335B834CEC40}
		{A97EB8DE-E2B5-47D6-A0E7-44EBB8447297} = {9A2F64BA-4B93-4907-8A24-0E6ED592EBB7}
		{33947405-4638-4A95-B86B-7CB260511785} = {9A2F64BA-4B93-4907-8A24-0E6ED592EBB7}
		{49817109-B80D-41AF-A973-FF370060031B} = {2545C50F-69BB-45ED-BE25-6F3E49EBBBA1}
		{241CEEC3-F03B-4E6A-8137-9060C2E9D195} = {2545C50F-69BB-45ED-BE25-6F3E49EBBBA1}
		{A2271650-2096-469D-937E-513746DA0801} = {974A8A7A-E471-40F2-9120-335B834CEC40}
		{0130A94D-BFAB-436E-B3A9-5C4AFE7AD9D2} = {2545C50F-69BB-45ED-BE25-6F3E49EBBBA1}
		{0BA51D07-8730-46F6-8566-E7B6757CCDFE} = {BD667222-F294-4560-8F2E-DE9E5F3E5D2E}
		{A31A9797-7182-4024-BA48-580546257550} = {974A8A7A-E471-40F2-9120-335B834CEC40}
		{3AB18FCB-83B2-409C-A65B-B161CC4A6ECF} = {974A8A7A-E471-40F2-9120-335B834CEC40}
		{B1173B7C-D9EA-4152-A8E1-06C3AED307BE} = {974A8A7A-E471-40F2-9120-335B834CEC40}
		{E59E4251-3675-44F4-B202-D50E969C6C13} = {974A8A7A-E471-40F2-9120-335B834CEC40}
		{3ECC6E07-5BF6-4DF0-AD21-2F327D1CE4FE} = {BD667222-F294-4560-8F2E-DE9E5F3E5D2E}
		{D1704D5D-396D-42E8-8959-204EC6A183F8} = {2545C50F-69BB-45ED-BE25-6F3E49EBBBA1}
	EndGlobalSection
	GlobalSection(ExtensibilityGlobals) = postSolution
		SolutionGuid = {7187A683-576E-406D-8AED-973DF38266C1}
	EndGlobalSection
EndGlobal
